
Microsoft Visual Studio Solution File, Format Version 12.00
# Visual Studio Version 16
VisualStudioVersion = 16.0.30011.22
MinimumVisualStudioVersion = 10.0.40219.1
Project("{FAE04EC0-301F-11D3-BF4B-00C04F79EFBC}") = "SDEE Editor", "SDEE Editor.csproj", "{55A4FD0E-5A70-4360-AC6A-1EF257B56586}"
EndProject
Project("{FAE04EC0-301F-11D3-BF4B-00C04F79EFBC}") = "UnitTestProject1", "..\UnitTestProject1\UnitTestProject1.csproj", "{480C18EA-3829-4080-BB6D-FCA5BC695601}"
EndProject
Global
	GlobalSection(SolutionConfigurationPlatforms) = preSolution
		Debug|Any CPU = Debug|Any CPU
		Release|Any CPU = Release|Any CPU
	EndGlobalSection
	GlobalSection(ProjectConfigurationPlatforms) = postSolution
		{55A4FD0E-5A70-4360-AC6A-1EF257B56586}.Debug|Any CPU.ActiveCfg = Debug|Any CPU
		{55A4FD0E-5A70-4360-AC6A-1EF257B56586}.Debug|Any CPU.Build.0 = Debug|Any CPU
		{55A4FD0E-5A70-4360-AC6A-1EF257B56586}.Release|Any CPU.ActiveCfg = Release|Any CPU
		{55A4FD0E-5A70-4360-AC6A-1EF257B56586}.Release|Any CPU.Build.0 = Release|Any CPU
		{480C18EA-3829-4080-BB6D-FCA5BC695601}.Debug|Any CPU.ActiveCfg = Debug|Any CPU
		{480C18EA-3829-4080-BB6D-FCA5BC695601}.Debug|Any CPU.Build.0 = Debug|Any CPU
		{480C18EA-3829-4080-BB6D-FCA5BC695601}.Release|Any CPU.ActiveCfg = Release|Any CPU
		{480C18EA-3829-4080-BB6D-FCA5BC695601}.Release|Any CPU.Build.0 = Release|Any CPU
	EndGlobalSection
	GlobalSection(SolutionProperties) = preSolution
		HideSolutionNode = FALSE
	EndGlobalSection
	GlobalSection(ExtensibilityGlobals) = postSolution
		SolutionGuid = {719D6A01-7F6F-48A9-A60A-4D99705A5923}
	EndGlobalSection
EndGlobal
